
Microsoft Visual Studio Solution File, Format Version 12.00
# Visual Studio 15
VisualStudioVersion = 15.0.27004.2005
MinimumVisualStudioVersion = 10.0.40219.1
Project("{FAE04EC0-301F-11D3-BF4B-00C04F79EFBC}") = "SocketServer", "SocketServer\SocketServer.csproj", "{8122CF60-8C3E-4539-A320-DB615A42EAA0}"
EndProject
Project("{2150E333-8FDC-42A3-9474-1A3956D46DE8}") = "Solution Items", "Solution Items", "{1CCA3CD9-5C98-4F52-82FD-D74C76F941FE}"
	ProjectSection(SolutionItems) = preProject
		SocketServer\Scripts\jquery-1.8.2.min.js = SocketServer\Scripts\jquery-1.8.2.min.js
		websocketDemo.html = websocketDemo.html
	EndProjectSection
EndProject
Project("{FAE04EC0-301F-11D3-BF4B-00C04F79EFBC}") = "WinFormClient", "WindowsFormsApplication1\WinFormClient.csproj", "{351669BD-FC2C-4989-9A07-7D875D87605F}"
EndProject
Project("{FAE04EC0-301F-11D3-BF4B-00C04F79EFBC}") = "WebAppClient", "WebAppClient\WebAppClient.csproj", "{7B2A3A57-F630-4904-BBDF-BDFDD977D463}"
EndProject
Global
	GlobalSection(SolutionConfigurationPlatforms) = preSolution
		Debug|Any CPU = Debug|Any CPU
		Release|Any CPU = Release|Any CPU
	EndGlobalSection
	GlobalSection(ProjectConfigurationPlatforms) = postSolution
		{8122CF60-8C3E-4539-A320-DB615A42EAA0}.Debug|Any CPU.ActiveCfg = Debug|Any CPU
		{8122CF60-8C3E-4539-A320-DB615A42EAA0}.Debug|Any CPU.Build.0 = Debug|Any CPU
		{8122CF60-8C3E-4539-A320-DB615A42EAA0}.Release|Any CPU.ActiveCfg = Release|Any CPU
		{8122CF60-8C3E-4539-A320-DB615A42EAA0}.Release|Any CPU.Build.0 = Release|Any CPU
		{351669BD-FC2C-4989-9A07-7D875D87605F}.Debug|Any CPU.ActiveCfg = Debug|Any CPU
		{351669BD-FC2C-4989-9A07-7D875D87605F}.Debug|Any CPU.Build.0 = Debug|Any CPU
		{351669BD-FC2C-4989-9A07-7D875D87605F}.Release|Any CPU.ActiveCfg = Release|Any CPU
		{351669BD-FC2C-4989-9A07-7D875D87605F}.Release|Any CPU.Build.0 = Release|Any CPU
		{7B2A3A57-F630-4904-BBDF-BDFDD977D463}.Debug|Any CPU.ActiveCfg = Debug|Any CPU
		{7B2A3A57-F630-4904-BBDF-BDFDD977D463}.Debug|Any CPU.Build.0 = Debug|Any CPU
		{7B2A3A57-F630-4904-BBDF-BDFDD977D463}.Release|Any CPU.ActiveCfg = Release|Any CPU
		{7B2A3A57-F630-4904-BBDF-BDFDD977D463}.Release|Any CPU.Build.0 = Release|Any CPU
	EndGlobalSection
	GlobalSection(SolutionProperties) = preSolution
		HideSolutionNode = FALSE
	EndGlobalSection
	GlobalSection(ExtensibilityGlobals) = postSolution
		SolutionGuid = {AFC631FA-F4C9-4CFE-9F32-48DF1DE16EEB}
	EndGlobalSection
EndGlobal
